<?xml version="1.0" encoding="utf-8"?>
<Project ToolsVersion="4.0" xmlns="http://schemas.microsoft.com/developer/msbuild/2003">
  <ItemGroup>
    <ClCompile Include="Enemy.cpp" />
    <ClCompile Include="Game.cpp" />
    <ClCompile Include="main.cpp" />
    <ClCompile Include="Player.cpp" />
    <ClCompile Include="Scene.cpp" />
    <ClCompile Include="Shader.cpp" />
    <ClCompile Include="ShaderProgram.cpp" />
    <ClCompile Include="Shot.cpp" />
    <ClCompile Include="Sprite.cpp" />
    <ClCompile Include="Texture.cpp" />
    <ClCompile Include="TileMap.cpp" />
    <ClCompile Include="PantallaInicialJP.cpp" />
    <ClCompile Include="PlayerVertical.cpp" />
    <ClCompile Include="PantallaLevel2Stage1.cpp" />
    <ClCompile Include="PantallaLeve2Boss.cpp" />
    <ClCompile Include="EnemyStage2Key.cpp" />
    <ClCompile Include="Boss.cpp" />
    <ClCompile Include="SpreadGun.cpp" />
    <ClCompile Include="EnemyStage3.cpp" />
    <ClCompile Include="vida.cpp" />
  </ItemGroup>
  <ItemGroup>
    <ClInclude Include="AnimKeyframes.h" />
    <ClInclude Include="Enemy.h" />
    <ClInclude Include="Game.h" />
    <ClInclude Include="Player.h" />
    <ClInclude Include="resource1.h" />
    <ClInclude Include="Scene.h" />
    <ClInclude Include="Shader.h" />
    <ClInclude Include="ShaderProgram.h" />
    <ClInclude Include="Shot.h" />
    <ClInclude Include="Sprite.h" />
    <ClInclude Include="Texture.h" />
    <ClInclude Include="TileMap.h" />
    <ClInclude Include="PantallaInicialJP.h" />
    <ClInclude Include="PlayerVertical.h" />
    <ClInclude Include="PantallaLevel2Stage1.h" />
    <ClInclude Include="PantallaLeve2Boss.h" />
    <ClInclude Include="EnemyStage2Key.h" />
    <ClInclude Include="Boss.h" />
    <ClInclude Include="SpreadGun.h" />
    <ClInclude Include="EnemyStage3.h" />
    <ClInclude Include="vida.h" />
  </ItemGroup>
  <ItemGroup>
    <ResourceCompile Include="02-Bubble1.rc" />
  </ItemGroup>
</Project>